// !$*UTF8*$!
{
	archiveVersion = 1;
	classes = {
	};
	objectVersion = 56;
	objects = {

/* Begin PBXBuildFile section */
		DB81FAFD2BFC0D9900CEA851 /* AppDelegate.swift in Sources */ = {isa = PBXBuildFile; fileRef = DB81FAFC2BFC0D9900CEA851 /* AppDelegate.swift */; };
		DB81FAFF2BFC0D9900CEA851 /* SceneDelegate.swift in Sources */ = {isa = PBXBuildFile; fileRef = DB81FAFE2BFC0D9900CEA851 /* SceneDelegate.swift */; };
		DB81FB012BFC0D9900CEA851 /* ViewController.swift in Sources */ = {isa = PBXBuildFile; fileRef = DB81FB002BFC0D9900CEA851 /* ViewController.swift */; };
		DB81FB042BFC0D9900CEA851 /* Base in Resources */ = {isa = PBXBuildFile; fileRef = DB81FB032BFC0D9900CEA851 /* Base */; };
		DB81FB062BFC0D9B00CEA851 /* Assets.xcassets in Resources */ = {isa = PBXBuildFile; fileRef = DB81FB052BFC0D9B00CEA851 /* Assets.xcassets */; };
		DB81FB092BFC0D9B00CEA851 /* Base in Resources */ = {isa = PBXBuildFile; fileRef = DB81FB082BFC0D9B00CEA851 /* Base */; };
		DB81FB142BFC0D9B00CEA851 /* OrderAppTests.swift in Sources */ = {isa = PBXBuildFile; fileRef = DB81FB132BFC0D9B00CEA851 /* OrderAppTests.swift */; };
		DB81FB1E2BFC0D9B00CEA851 /* OrderAppUITests.swift in Sources */ = {isa = PBXBuildFile; fileRef = DB81FB1D2BFC0D9B00CEA851 /* OrderAppUITests.swift */; };
		DB81FB202BFC0D9B00CEA851 /* OrderAppUITestsLaunchTests.swift in Sources */ = {isa = PBXBuildFile; fileRef = DB81FB1F2BFC0D9B00CEA851 /* OrderAppUITestsLaunchTests.swift */; };
/* End PBXBuildFile section */

/* Begin PBXContainerItemProxy section */
		DB81FB102BFC0D9B00CEA851 /* PBXContainerItemProxy */ = {
			isa = PBXContainerItemProxy;
			containerPortal = DB81FAF12BFC0D9900CEA851 /* Project object */;
			proxyType = 1;
			remoteGlobalIDString = DB81FAF82BFC0D9900CEA851;
			remoteInfo = OrderApp;
		};
		DB81FB1A2BFC0D9B00CEA851 /* PBXContainerItemProxy */ = {
			isa = PBXContainerItemProxy;
			containerPortal = DB81FAF12BFC0D9900CEA851 /* Project object */;
			proxyType = 1;
			remoteGlobalIDString = DB81FAF82BFC0D9900CEA851;
			remoteInfo = OrderApp;
		};
/* End PBXContainerItemProxy section */

/* Begin PBXFileReference section */
		DB81FAF92BFC0D9900CEA851 /* OrderApp.app */ = {isa = PBXFileReference; explicitFileType = wrapper.application; includeInIndex = 0; path = OrderApp.app; sourceTree = BUILT_PRODUCTS_DIR; };
		DB81FAFC2BFC0D9900CEA851 /* AppDelegate.swift */ = {isa = PBXFileReference; lastKnownFileType = sourcecode.swift; path = AppDelegate.swift; sourceTree = "<group>"; };
		DB81FAFE2BFC0D9900CEA851 /* SceneDelegate.swift */ = {isa = PBXFileReference; lastKnownFileType = sourcecode.swift; path = SceneDelegate.swift; sourceTree = "<group>"; };
		DB81FB002BFC0D9900CEA851 /* ViewController.swift */ = {isa = PBXFileReference; lastKnownFileType = sourcecode.swift; path = ViewController.swift; sourceTree = "<group>"; };
		DB81FB032BFC0D9900CEA851 /* Base */ = {isa = PBXFileReference; lastKnownFileType = file.storyboard; name = Base; path = Base.lproj/Main.storyboard; sourceTree = "<group>"; };
		DB81FB052BFC0D9B00CEA851 /* Assets.xcassets */ = {isa = PBXFileReference; lastKnownFileType = folder.assetcatalog; path = Assets.xcassets; sourceTree = "<group>"; };
		DB81FB082BFC0D9B00CEA851 /* Base */ = {isa = PBXFileReference; lastKnownFileType = file.storyboard; name = Base; path = Base.lproj/LaunchScreen.storyboard; sourceTree = "<group>"; };
		DB81FB0A2BFC0D9B00CEA851 /* Info.plist */ = {isa = PBXFileReference; lastKnownFileType = text.plist.xml; path = Info.plist; sourceTree = "<group>"; };
		DB81FB0F2BFC0D9B00CEA851 /* OrderAppTests.xctest */ = {isa = PBXFileReference; explicitFileType = wrapper.cfbundle; includeInIndex = 0; path = OrderAppTests.xctest; sourceTree = BUILT_PRODUCTS_DIR; };
		DB81FB132BFC0D9B00CEA851 /* OrderAppTests.swift */ = {isa = PBXFileReference; lastKnownFileType = sourcecode.swift; path = OrderAppTests.swift; sourceTree = "<group>"; };
		DB81FB192BFC0D9B00CEA851 /* OrderAppUITests.xctest */ = {isa = PBXFileReference; explicitFileType = wrapper.cfbundle; includeInIndex = 0; path = OrderAppUITests.xctest; sourceTree = BUILT_PRODUCTS_DIR; };
		DB81FB1D2BFC0D9B00CEA851 /* OrderAppUITests.swift */ = {isa = PBXFileReference; lastKnownFileType = sourcecode.swift; path = OrderAppUITests.swift; sourceTree = "<group>"; };
		DB81FB1F2BFC0D9B00CEA851 /* OrderAppUITestsLaunchTests.swift */ = {isa = PBXFileReference; lastKnownFileType = sourcecode.swift; path = OrderAppUITestsLaunchTests.swift; sourceTree = "<group>"; };
/* End PBXFileReference section */

/* Begin PBXFrameworksBuildPhase section */
		DB81FAF62BFC0D9900CEA851 /* Frameworks */ = {
			isa = PBXFrameworksBuildPhase;
			buildActionMask = 2147483647;
			files = (
			);
			runOnlyForDeploymentPostprocessing = 0;
		};
		DB81FB0C2BFC0D9B00CEA851 /* Frameworks */ = {
			isa = PBXFrameworksBuildPhase;
			buildActionMask = 2147483647;
			files = (
			);
			runOnlyForDeploymentPostprocessing = 0;
		};
		DB81FB162BFC0D9B00CEA851 /* Frameworks */ = {
			isa = PBXFrameworksBuildPhase;
			buildActionMask = 2147483647;
			files = (
			);
			runOnlyForDeploymentPostprocessing = 0;
		};
/* End PBXFrameworksBuildPhase section */

/* Begin PBXGroup section */
		DB81FAF02BFC0D9900CEA851 = {
			isa = PBXGroup;
			children = (
				DB81FAFB2BFC0D9900CEA851 /* OrderApp */,
				DB81FB122BFC0D9B00CEA851 /* OrderAppTests */,
				DB81FB1C2BFC0D9B00CEA851 /* OrderAppUITests */,
				DB81FAFA2BFC0D9900CEA851 /* Products */,
			);
			sourceTree = "<group>";
		};
		DB81FAFA2BFC0D9900CEA851 /* Products */ = {
			isa = PBXGroup;
			children = (
				DB81FAF92BFC0D9900CEA851 /* OrderApp.app */,
				DB81FB0F2BFC0D9B00CEA851 /* OrderAppTests.xctest */,
				DB81FB192BFC0D9B00CEA851 /* OrderAppUITests.xctest */,
			);
			name = Products;
			sourceTree = "<group>";
		};
		DB81FAFB2BFC0D9900CEA851 /* OrderApp */ = {
			isa = PBXGroup;
			children = (
				DB81FAFC2BFC0D9900CEA851 /* AppDelegate.swift */,
				DB81FAFE2BFC0D9900CEA851 /* SceneDelegate.swift */,
				DB81FB002BFC0D9900CEA851 /* ViewController.swift */,
				DB81FB022BFC0D9900CEA851 /* Main.storyboard */,
				DB81FB052BFC0D9B00CEA851 /* Assets.xcassets */,
				DB81FB072BFC0D9B00CEA851 /* LaunchScreen.storyboard */,
				DB81FB0A2BFC0D9B00CEA851 /* Info.plist */,
			);
			path = OrderApp;
			sourceTree = "<group>";
		};
		DB81FB122BFC0D9B00CEA851 /* OrderAppTests */ = {
			isa = PBXGroup;
			children = (
				DB81FB132BFC0D9B00CEA851 /* OrderAppTests.swift */,
			);
			path = OrderAppTests;
			sourceTree = "<group>";
		};
		DB81FB1C2BFC0D9B00CEA851 /* OrderAppUITests */ = {
			isa = PBXGroup;
			children = (
				DB81FB1D2BFC0D9B00CEA851 /* OrderAppUITests.swift */,
				DB81FB1F2BFC0D9B00CEA851 /* OrderAppUITestsLaunchTests.swift */,
			);
			path = OrderAppUITests;
			sourceTree = "<group>";
		};
/* End PBXGroup section */

/* Begin PBXNativeTarget section */
		DB81FAF82BFC0D9900CEA851 /* OrderApp */ = {
			isa = PBXNativeTarget;
			buildConfigurationList = DB81FB232BFC0D9B00CEA851 /* Build configuration list for PBXNativeTarget "OrderApp" */;
			buildPhases = (
				DB81FAF52BFC0D9900CEA851 /* Sources */,
				DB81FAF62BFC0D9900CEA851 /* Frameworks */,
				DB81FAF72BFC0D9900CEA851 /* Resources */,
			);
			buildRules = (
			);
			dependencies = (
			);
			name = OrderApp;
			productName = OrderApp;
			productReference = DB81FAF92BFC0D9900CEA851 /* OrderApp.app */;
			productType = "com.apple.product-type.application";
		};
		DB81FB0E2BFC0D9B00CEA851 /* OrderAppTests */ = {
			isa = PBXNativeTarget;
			buildConfigurationList = DB81FB262BFC0D9B00CEA851 /* Build configuration list for PBXNativeTarget "OrderAppTests" */;
			buildPhases = (
				DB81FB0B2BFC0D9B00CEA851 /* Sources */,
				DB81FB0C2BFC0D9B00CEA851 /* Frameworks */,
				DB81FB0D2BFC0D9B00CEA851 /* Resources */,
			);
			buildRules = (
			);
			dependencies = (
				DB81FB112BFC0D9B00CEA851 /* PBXTargetDependency */,
			);
			name = OrderAppTests;
			productName = OrderAppTests;
			productReference = DB81FB0F2BFC0D9B00CEA851 /* OrderAppTests.xctest */;
			productType = "com.apple.product-type.bundle.unit-test";
		};
		DB81FB182BFC0D9B00CEA851 /* OrderAppUITests */ = {
			isa = PBXNativeTarget;
			buildConfigurationList = DB81FB292BFC0D9B00CEA851 /* Build configuration list for PBXNativeTarget "OrderAppUITests" */;
			buildPhases = (
				DB81FB152BFC0D9B00CEA851 /* Sources */,
				DB81FB162BFC0D9B00CEA851 /* Frameworks */,
				DB81FB172BFC0D9B00CEA851 /* Resources */,
			);
			buildRules = (
			);
			dependencies = (
				DB81FB1B2BFC0D9B00CEA851 /* PBXTargetDependency */,
			);
			name = OrderAppUITests;
			productName = OrderAppUITests;
			productReference = DB81FB192BFC0D9B00CEA851 /* OrderAppUITests.xctest */;
			productType = "com.apple.product-type.bundle.ui-testing";
		};
/* End PBXNativeTarget section */

/* Begin PBXProject section */
		DB81FAF12BFC0D9900CEA851 /* Project object */ = {
			isa = PBXProject;
			attributes = {
				BuildIndependentTargetsInParallel = 1;
				LastSwiftUpdateCheck = 1540;
				LastUpgradeCheck = 1540;
				TargetAttributes = {
					DB81FAF82BFC0D9900CEA851 = {
						CreatedOnToolsVersion = 15.4;
					};
					DB81FB0E2BFC0D9B00CEA851 = {
						CreatedOnToolsVersion = 15.4;
						TestTargetID = DB81FAF82BFC0D9900CEA851;
					};
					DB81FB182BFC0D9B00CEA851 = {
						CreatedOnToolsVersion = 15.4;
						TestTargetID = DB81FAF82BFC0D9900CEA851;
					};
				};
			};
			buildConfigurationList = DB81FAF42BFC0D9900CEA851 /* Build configuration list for PBXProject "OrderApp" */;
			compatibilityVersion = "Xcode 14.0";
			developmentRegion = en;
			hasScannedForEncodings = 0;
			knownRegions = (
				en,
				Base,
			);
			mainGroup = DB81FAF02BFC0D9900CEA851;
			productRefGroup = DB81FAFA2BFC0D9900CEA851 /* Products */;
			projectDirPath = "";
			projectRoot = "";
			targets = (
				DB81FAF82BFC0D9900CEA851 /* OrderApp */,
				DB81FB0E2BFC0D9B00CEA851 /* OrderAppTests */,
				DB81FB182BFC0D9B00CEA851 /* OrderAppUITests */,
			);
		};
/* End PBXProject section */

/* Begin PBXResourcesBuildPhase section */
		DB81FAF72BFC0D9900CEA851 /* Resources */ = {
			isa = PBXResourcesBuildPhase;
			buildActionMask = 2147483647;
			files = (
				DB81FB062BFC0D9B00CEA851 /* Assets.xcassets in Resources */,
				DB81FB092BFC0D9B00CEA851 /* Base in Resources */,
				DB81FB042BFC0D9900CEA851 /* Base in Resources */,
			);
			runOnlyForDeploymentPostprocessing = 0;
		};
		DB81FB0D2BFC0D9B00CEA851 /* Resources */ = {
			isa = PBXResourcesBuildPhase;
			buildActionMask = 2147483647;
			files = (
			);
			runOnlyForDeploymentPostprocessing = 0;
		};
		DB81FB172BFC0D9B00CEA851 /* Resources */ = {
			isa = PBXResourcesBuildPhase;
			buildActionMask = 2147483647;
			files = (
			);
			runOnlyForDeploymentPostprocessing = 0;
		};
/* End PBXResourcesBuildPhase section */

/* Begin PBXSourcesBuildPhase section */
		DB81FAF52BFC0D9900CEA851 /* Sources */ = {
			isa = PBXSourcesBuildPhase;
			buildActionMask = 2147483647;
			files = (
				DB81FB012BFC0D9900CEA851 /* ViewController.swift in Sources */,
				DB81FAFD2BFC0D9900CEA851 /* AppDelegate.swift in Sources */,
				DB81FAFF2BFC0D9900CEA851 /* SceneDelegate.swift in Sources */,
			);
			runOnlyForDeploymentPostprocessing = 0;
		};
		DB81FB0B2BFC0D9B00CEA851 /* Sources */ = {
			isa = PBXSourcesBuildPhase;
			buildActionMask = 2147483647;
			files = (
				DB81FB142BFC0D9B00CEA851 /* OrderAppTests.swift in Sources */,
			);
			runOnlyForDeploymentPostprocessing = 0;
		};
		DB81FB152BFC0D9B00CEA851 /* Sources */ = {
			isa = PBXSourcesBuildPhase;
			buildActionMask = 2147483647;
			files = (
				DB81FB202BFC0D9B00CEA851 /* OrderAppUITestsLaunchTests.swift in Sources */,
				DB81FB1E2BFC0D9B00CEA851 /* OrderAppUITests.swift in Sources */,
			);
			runOnlyForDeploymentPostprocessing = 0;
		};
/* End PBXSourcesBuildPhase section */

/* Begin PBXTargetDependency section */
		DB81FB112BFC0D9B00CEA851 /* PBXTargetDependency */ = {
			isa = PBXTargetDependency;
			target = DB81FAF82BFC0D9900CEA851 /* OrderApp */;
			targetProxy = DB81FB102BFC0D9B00CEA851 /* PBXContainerItemProxy */;
		};
		DB81FB1B2BFC0D9B00CEA851 /* PBXTargetDependency */ = {
			isa = PBXTargetDependency;
			target = DB81FAF82BFC0D9900CEA851 /* OrderApp */;
			targetProxy = DB81FB1A2BFC0D9B00CEA851 /* PBXContainerItemProxy */;
		};
/* End PBXTargetDependency section */

/* Begin PBXVariantGroup section */
		DB81FB022BFC0D9900CEA851 /* Main.storyboard */ = {
			isa = PBXVariantGroup;
			children = (
				DB81FB032BFC0D9900CEA851 /* Base */,
			);
			name = Main.storyboard;
			sourceTree = "<group>";
		};
		DB81FB072BFC0D9B00CEA851 /* LaunchScreen.storyboard */ = {
			isa = PBXVariantGroup;
			children = (
				DB81FB082BFC0D9B00CEA851 /* Base */,
			);
			name = LaunchScreen.storyboard;
			sourceTree = "<group>";
		};
/* End PBXVariantGroup section */

/* Begin XCBuildConfiguration section */
		DB81FB212BFC0D9B00CEA851 /* Debug */ = {
			isa = XCBuildConfiguration;
			buildSettings = {
				ALWAYS_SEARCH_USER_PATHS = NO;
				ASSETCATALOG_COMPILER_GENERATE_SWIFT_ASSET_SYMBOL_EXTENSIONS = YES;
				CLANG_ANALYZER_NONNULL = YES;
				CLANG_ANALYZER_NUMBER_OBJECT_CONVERSION = YES_AGGRESSIVE;
				CLANG_CXX_LANGUAGE_STANDARD = "gnu++20";
				CLANG_ENABLE_MODULES = YES;
				CLANG_ENABLE_OBJC_ARC = YES;
				CLANG_ENABLE_OBJC_WEAK = YES;
				CLANG_WARN_BLOCK_CAPTURE_AUTORELEASING = YES;
				CLANG_WARN_BOOL_CONVERSION = YES;
				CLANG_WARN_COMMA = YES;
				CLANG_WARN_CONSTANT_CONVERSION = YES;
				CLANG_WARN_DEPRECATED_OBJC_IMPLEMENTATIONS = YES;
				CLANG_WARN_DIRECT_OBJC_ISA_USAGE = YES_ERROR;
				CLANG_WARN_DOCUMENTATION_COMMENTS = YES;
				CLANG_WARN_EMPTY_BODY = YES;
				CLANG_WARN_ENUM_CONVERSION = YES;
				CLANG_WARN_INFINITE_RECURSION = YES;
				CLANG_WARN_INT_CONVERSION = YES;
				CLANG_WARN_NON_LITERAL_NULL_CONVERSION = YES;
				CLANG_WARN_OBJC_IMPLICIT_RETAIN_SELF = YES;
				CLANG_WARN_OBJC_LITERAL_CONVERSION = YES;
				CLANG_WARN_OBJC_ROOT_CLASS = YES_ERROR;
				CLANG_WARN_QUOTED_INCLUDE_IN_FRAMEWORK_HEADER = YES;
				CLANG_WARN_RANGE_LOOP_ANALYSIS = YES;
				CLANG_WARN_STRICT_PROTOTYPES = YES;
				CLANG_WARN_SUSPICIOUS_MOVE = YES;
				CLANG_WARN_UNGUARDED_AVAILABILITY = YES_AGGRESSIVE;
				CLANG_WARN_UNREACHABLE_CODE = YES;
				CLANG_WARN__DUPLICATE_METHOD_MATCH = YES;
				COPY_PHASE_STRIP = NO;
				DEBUG_INFORMATION_FORMAT = dwarf;
				ENABLE_STRICT_OBJC_MSGSEND = YES;
				ENABLE_TESTABILITY = YES;
				ENABLE_USER_SCRIPT_SANDBOXING = YES;
				GCC_C_LANGUAGE_STANDARD = gnu17;
				GCC_DYNAMIC_NO_PIC = NO;
				GCC_NO_COMMON_BLOCKS = YES;
				GCC_OPTIMIZATION_LEVEL = 0;
				GCC_PREPROCESSOR_DEFINITIONS = (
					"DEBUG=1",
					"$(inherited)",
				);
				GCC_WARN_64_TO_32_BIT_CONVERSION = YES;
				GCC_WARN_ABOUT_RETURN_TYPE = YES_ERROR;
				GCC_WARN_UNDECLARED_SELECTOR = YES;
				GCC_WARN_UNINITIALIZED_AUTOS = YES_AGGRESSIVE;
				GCC_WARN_UNUSED_FUNCTION = YES;
				GCC_WARN_UNUSED_VARIABLE = YES;
				IPHONEOS_DEPLOYMENT_TARGET = 17.5;
				LOCALIZATION_PREFERS_STRING_CATALOGS = YES;
				MTL_ENABLE_DEBUG_INFO = INCLUDE_SOURCE;
				MTL_FAST_MATH = YES;
				ONLY_ACTIVE_ARCH = YES;
				SDKROOT = iphoneos;
				SWIFT_ACTIVE_COMPILATION_CONDITIONS = "DEBUG $(inherited)";
				SWIFT_OPTIMIZATION_LEVEL = "-Onone";
			};
			name = Debug;
		};
		DB81FB222BFC0D9B00CEA851 /* Release */ = {
			isa = XCBuildConfiguration;
			buildSettings = {
				ALWAYS_SEARCH_USER_PATHS = NO;
				ASSETCATALOG_COMPILER_GENERATE_SWIFT_ASSET_SYMBOL_EXTENSIONS = YES;
				CLANG_ANALYZER_NONNULL = YES;
				CLANG_ANALYZER_NUMBER_OBJECT_CONVERSION = YES_AGGRESSIVE;
				CLANG_CXX_LANGUAGE_STANDARD = "gnu++20";
				CLANG_ENABLE_MODULES = YES;
				CLANG_ENABLE_OBJC_ARC = YES;
				CLANG_ENABLE_OBJC_WEAK = YES;
				CLANG_WARN_BLOCK_CAPTURE_AUTORELEASING = YES;
				CLANG_WARN_BOOL_CONVERSION = YES;
				CLANG_WARN_COMMA = YES;
				CLANG_WARN_CONSTANT_CONVERSION = YES;
				CLANG_WARN_DEPRECATED_OBJC_IMPLEMENTATIONS = YES;
				CLANG_WARN_DIRECT_OBJC_ISA_USAGE = YES_ERROR;
				CLANG_WARN_DOCUMENTATION_COMMENTS = YES;
				CLANG_WARN_EMPTY_BODY = YES;
				CLANG_WARN_ENUM_CONVERSION = YES;
				CLANG_WARN_INFINITE_RECURSION = YES;
				CLANG_WARN_INT_CONVERSION = YES;
				CLANG_WARN_NON_LITERAL_NULL_CONVERSION = YES;
				CLANG_WARN_OBJC_IMPLICIT_RETAIN_SELF = YES;
				CLANG_WARN_OBJC_LITERAL_CONVERSION = YES;
				CLANG_WARN_OBJC_ROOT_CLASS = YES_ERROR;
				CLANG_WARN_QUOTED_INCLUDE_IN_FRAMEWORK_HEADER = YES;
				CLANG_WARN_RANGE_LOOP_ANALYSIS = YES;
				CLANG_WARN_STRICT_PROTOTYPES = YES;
				CLANG_WARN_SUSPICIOUS_MOVE = YES;
				CLANG_WARN_UNGUARDED_AVAILABILITY = YES_AGGRESSIVE;
				CLANG_WARN_UNREACHABLE_CODE = YES;
				CLANG_WARN__DUPLICATE_METHOD_MATCH = YES;
				COPY_PHASE_STRIP = NO;
				DEBUG_INFORMATION_FORMAT = "dwarf-with-dsym";
				ENABLE_NS_ASSERTIONS = NO;
				ENABLE_STRICT_OBJC_MSGSEND = YES;
				ENABLE_USER_SCRIPT_SANDBOXING = YES;
				GCC_C_LANGUAGE_STANDARD = gnu17;
				GCC_NO_COMMON_BLOCKS = YES;
				GCC_WARN_64_TO_32_BIT_CONVERSION = YES;
				GCC_WARN_ABOUT_RETURN_TYPE = YES_ERROR;
				GCC_WARN_UNDECLARED_SELECTOR = YES;
				GCC_WARN_UNINITIALIZED_AUTOS = YES_AGGRESSIVE;
				GCC_WARN_UNUSED_FUNCTION = YES;
				GCC_WARN_UNUSED_VARIABLE = YES;
				IPHONEOS_DEPLOYMENT_TARGET = 17.5;
				LOCALIZATION_PREFERS_STRING_CATALOGS = YES;
				MTL_ENABLE_DEBUG_INFO = NO;
				MTL_FAST_MATH = YES;
				SDKROOT = iphoneos;
				SWIFT_COMPILATION_MODE = wholemodule;
				VALIDATE_PRODUCT = YES;
			};
			name = Release;
		};
		DB81FB242BFC0D9B00CEA851 /* Debug */ = {
			isa = XCBuildConfiguration;
			buildSettings = {
				ASSETCATALOG_COMPILER_APPICON_NAME = AppIcon;
				ASSETCATALOG_COMPILER_GLOBAL_ACCENT_COLOR_NAME = AccentColor;
				CODE_SIGN_STYLE = Automatic;
				CURRENT_PROJECT_VERSION = 1;
				DEVELOPMENT_TEAM = ZQ9LR78J46;
				GENERATE_INFOPLIST_FILE = YES;
				INFOPLIST_FILE = OrderApp/Info.plist;
				INFOPLIST_KEY_UIApplicationSupportsIndirectInputEvents = YES;
				INFOPLIST_KEY_UILaunchStoryboardName = LaunchScreen;
				INFOPLIST_KEY_UIMainStoryboardFile = Main;
				INFOPLIST_KEY_UISupportedInterfaceOrientations_iPad = "UIInterfaceOrientationPortrait UIInterfaceOrientationPortraitUpsideDown UIInterfaceOrientationLandscapeLeft UIInterfaceOrientationLandscapeRight";
				INFOPLIST_KEY_UISupportedInterfaceOrientations_iPhone = "UIInterfaceOrientationPortrait UIInterfaceOrientationLandscapeLeft UIInterfaceOrientationLandscapeRight";
				LD_RUNPATH_SEARCH_PATHS = (
					"$(inherited)",
					"@executable_path/Frameworks",
				);
				MARKETING_VERSION = 1.0;
				PRODUCT_BUNDLE_IDENTIFIER = com.Cesar.OrderApp;
				PRODUCT_NAME = "$(TARGET_NAME)";
				SWIFT_EMIT_LOC_STRINGS = YES;
				SWIFT_VERSION = 5.0;
				TARGETED_DEVICE_FAMILY = "1,2";
			};
			name = Debug;
		};
		DB81FB252BFC0D9B00CEA851 /* Release */ = {
			isa = XCBuildConfiguration;
			buildSettings = {
				ASSETCATALOG_COMPILER_APPICON_NAME = AppIcon;
				ASSETCATALOG_COMPILER_GLOBAL_ACCENT_COLOR_NAME = AccentColor;
				CODE_SIGN_STYLE = Automatic;
				CURRENT_PROJECT_VERSION = 1;
				DEVELOPMENT_TEAM = ZQ9LR78J46;
				GENERATE_INFOPLIST_FILE = YES;
				INFOPLIST_FILE = OrderApp/Info.plist;
				INFOPLIST_KEY_UIApplicationSupportsIndirectInputEvents = YES;
				INFOPLIST_KEY_UILaunchStoryboardName = LaunchScreen;
				INFOPLIST_KEY_UIMainStoryboardFile = Main;
				INFOPLIST_KEY_UISupportedInterfaceOrientations_iPad = "UIInterfaceOrientationPortrait UIInterfaceOrientationPortraitUpsideDown UIInterfaceOrientationLandscapeLeft UIInterfaceOrientationLandscapeRight";
				INFOPLIST_KEY_UISupportedInterfaceOrientations_iPhone = "UIInterfaceOrientationPortrait UIInterfaceOrientationLandscapeLeft UIInterfaceOrientationLandscapeRight";
				LD_RUNPATH_SEARCH_PATHS = (
					"$(inherited)",
					"@executable_path/Frameworks",
				);
				MARKETING_VERSION = 1.0;
				PRODUCT_BUNDLE_IDENTIFIER = com.Cesar.OrderApp;
				PRODUCT_NAME = "$(TARGET_NAME)";
				SWIFT_EMIT_LOC_STRINGS = YES;
				SWIFT_VERSION = 5.0;
				TARGETED_DEVICE_FAMILY = "1,2";
			};
			name = Release;
		};
		DB81FB272BFC0D9B00CEA851 /* Debug */ = {
			isa = XCBuildConfiguration;
			buildSettings = {
				ALWAYS_EMBED_SWIFT_STANDARD_LIBRARIES = YES;
				BUNDLE_LOADER = "$(TEST_HOST)";
				CODE_SIGN_STYLE = Automatic;
				CURRENT_PROJECT_VERSION = 1;
				DEVELOPMENT_TEAM = ZQ9LR78J46;
				GENERATE_INFOPLIST_FILE = YES;
				IPHONEOS_DEPLOYMENT_TARGET = 17.5;
				MARKETING_VERSION = 1.0;
				PRODUCT_BUNDLE_IDENTIFIER = com.Cesar.OrderAppTests;
				PRODUCT_NAME = "$(TARGET_NAME)";
				SWIFT_EMIT_LOC_STRINGS = NO;
				SWIFT_VERSION = 5.0;
				TARGETED_DEVICE_FAMILY = "1,2";
				TEST_HOST = "$(BUILT_PRODUCTS_DIR)/OrderApp.app/$(BUNDLE_EXECUTABLE_FOLDER_PATH)/OrderApp";
			};
			name = Debug;
		};
		DB81FB282BFC0D9B00CEA851 /* Release */ = {
			isa = XCBuildConfiguration;
			buildSettings = {
				ALWAYS_EMBED_SWIFT_STANDARD_LIBRARIES = YES;
				BUNDLE_LOADER = "$(TEST_HOST)";
				CODE_SIGN_STYLE = Automatic;
				CURRENT_PROJECT_VERSION = 1;
				DEVELOPMENT_TEAM = ZQ9LR78J46;
				GENERATE_INFOPLIST_FILE = YES;
				IPHONEOS_DEPLOYMENT_TARGET = 17.5;
				MARKETING_VERSION = 1.0;
				PRODUCT_BUNDLE_IDENTIFIER = com.Cesar.OrderAppTests;
				PRODUCT_NAME = "$(TARGET_NAME)";
				SWIFT_EMIT_LOC_STRINGS = NO;
				SWIFT_VERSION = 5.0;
				TARGETED_DEVICE_FAMILY = "1,2";
				TEST_HOST = "$(BUILT_PRODUCTS_DIR)/OrderApp.app/$(BUNDLE_EXECUTABLE_FOLDER_PATH)/OrderApp";
			};
			name = Release;
		};
		DB81FB2A2BFC0D9B00CEA851 /* Debug */ = {
			isa = XCBuildConfiguration;
			buildSettings = {
				ALWAYS_EMBED_SWIFT_STANDARD_LIBRARIES = YES;
				CODE_SIGN_STYLE = Automatic;
				CURRENT_PROJECT_VERSION = 1;
				DEVELOPMENT_TEAM = ZQ9LR78J46;
				GENERATE_INFOPLIST_FILE = YES;
				MARKETING_VERSION = 1.0;
				PRODUCT_BUNDLE_IDENTIFIER = com.Cesar.OrderAppUITests;
				PRODUCT_NAME = "$(TARGET_NAME)";
				SWIFT_EMIT_LOC_STRINGS = NO;
				SWIFT_VERSION = 5.0;
				TARGETED_DEVICE_FAMILY = "1,2";
				TEST_TARGET_NAME = OrderApp;
			};
			name = Debug;
		};
		DB81FB2B2BFC0D9B00CEA851 /* Release */ = {
			isa = XCBuildConfiguration;
			buildSettings = {
				ALWAYS_EMBED_SWIFT_STANDARD_LIBRARIES = YES;
				CODE_SIGN_STYLE = Automatic;
				CURRENT_PROJECT_VERSION = 1;
				DEVELOPMENT_TEAM = ZQ9LR78J46;
				GENERATE_INFOPLIST_FILE = YES;
				MARKETING_VERSION = 1.0;
				PRODUCT_BUNDLE_IDENTIFIER = com.Cesar.OrderAppUITests;
				PRODUCT_NAME = "$(TARGET_NAME)";
				SWIFT_EMIT_LOC_STRINGS = NO;
				SWIFT_VERSION = 5.0;
				TARGETED_DEVICE_FAMILY = "1,2";
				TEST_TARGET_NAME = OrderApp;
			};
			name = Release;
		};
/* End XCBuildConfiguration section */

/* Begin XCConfigurationList section */
		DB81FAF42BFC0D9900CEA851 /* Build configuration list for PBXProject "OrderApp" */ = {
			isa = XCConfigurationList;
			buildConfigurations = (
				DB81FB212BFC0D9B00CEA851 /* Debug */,
				DB81FB222BFC0D9B00CEA851 /* Release */,
			);
			defaultConfigurationIsVisible = 0;
			defaultConfigurationName = Release;
		};
		DB81FB232BFC0D9B00CEA851 /* Build configuration list for PBXNativeTarget "OrderApp" */ = {
			isa = XCConfigurationList;
			buildConfigurations = (
				DB81FB242BFC0D9B00CEA851 /* Debug */,
				DB81FB252BFC0D9B00CEA851 /* Release */,
			);
			defaultConfigurationIsVisible = 0;
			defaultConfigurationName = Release;
		};
		DB81FB262BFC0D9B00CEA851 /* Build configuration list for PBXNativeTarget "OrderAppTests" */ = {
			isa = XCConfigurationList;
			buildConfigurations = (
				DB81FB272BFC0D9B00CEA851 /* Debug */,
				DB81FB282BFC0D9B00CEA851 /* Release */,
			);
			defaultConfigurationIsVisible = 0;
			defaultConfigurationName = Release;
		};
		DB81FB292BFC0D9B00CEA851 /* Build configuration list for PBXNativeTarget "OrderAppUITests" */ = {
			isa = XCConfigurationList;
			buildConfigurations = (
				DB81FB2A2BFC0D9B00CEA851 /* Debug */,
				DB81FB2B2BFC0D9B00CEA851 /* Release */,
			);
			defaultConfigurationIsVisible = 0;
			defaultConfigurationName = Release;
		};
/* End XCConfigurationList section */
	};
	rootObject = DB81FAF12BFC0D9900CEA851 /* Project object */;
}
